
Microsoft Visual Studio Solution File, Format Version 12.00
# Visual Studio Version 17
VisualStudioVersion = 17.5.002.0
MinimumVisualStudioVersion = 10.0.40219.1
Project("{9A19103F-16F7-4668-BE54-9A1E7A4F7556}") = "ListasLinkadas", "ListasLinkadas.csproj", "{534B2276-4962-4411-ADF2-6291E6B6BAD8}"
EndProject
Global
	GlobalSection(SolutionConfigurationPlatforms) = preSolution
		Debug|Any CPU = Debug|Any CPU
		Release|Any CPU = Release|Any CPU
	EndGlobalSection
	GlobalSection(ProjectConfigurationPlatforms) = postSolution
		{534B2276-4962-4411-ADF2-6291E6B6BAD8}.Debug|Any CPU.ActiveCfg = Debug|Any CPU
		{534B2276-4962-4411-ADF2-6291E6B6BAD8}.Debug|Any CPU.Build.0 = Debug|Any CPU
		{534B2276-4962-4411-ADF2-6291E6B6BAD8}.Release|Any CPU.ActiveCfg = Release|Any CPU
		{534B2276-4962-4411-ADF2-6291E6B6BAD8}.Release|Any CPU.Build.0 = Release|Any CPU
	EndGlobalSection
	GlobalSection(SolutionProperties) = preSolution
		HideSolutionNode = FALSE
	EndGlobalSection
	GlobalSection(ExtensibilityGlobals) = postSolution
		SolutionGuid = {93EA7E65-4A98-491F-8F8C-F5A353EF0040}
	EndGlobalSection
EndGlobal
