
Microsoft Visual Studio Solution File, Format Version 12.00
# Visual Studio Version 17
VisualStudioVersion = 17.5.002.0
MinimumVisualStudioVersion = 10.0.40219.1
Project("{9A19103F-16F7-4668-BE54-9A1E7A4F7556}") = "AtividadeVetor", "AtividadeVetor.csproj", "{930FA03E-A3C4-4407-BA71-BABFC70314F9}"
EndProject
Global
	GlobalSection(SolutionConfigurationPlatforms) = preSolution
		Debug|Any CPU = Debug|Any CPU
		Release|Any CPU = Release|Any CPU
	EndGlobalSection
	GlobalSection(ProjectConfigurationPlatforms) = postSolution
		{930FA03E-A3C4-4407-BA71-BABFC70314F9}.Debug|Any CPU.ActiveCfg = Debug|Any CPU
		{930FA03E-A3C4-4407-BA71-BABFC70314F9}.Debug|Any CPU.Build.0 = Debug|Any CPU
		{930FA03E-A3C4-4407-BA71-BABFC70314F9}.Release|Any CPU.ActiveCfg = Release|Any CPU
		{930FA03E-A3C4-4407-BA71-BABFC70314F9}.Release|Any CPU.Build.0 = Release|Any CPU
	EndGlobalSection
	GlobalSection(SolutionProperties) = preSolution
		HideSolutionNode = FALSE
	EndGlobalSection
	GlobalSection(ExtensibilityGlobals) = postSolution
		SolutionGuid = {5E3A03CA-C638-47EA-A009-87783B27D41F}
	EndGlobalSection
EndGlobal
