
Microsoft Visual Studio Solution File, Format Version 12.00
# Visual Studio Version 17
VisualStudioVersion = 17.5.002.0
MinimumVisualStudioVersion = 10.0.40219.1
Project("{9A19103F-16F7-4668-BE54-9A1E7A4F7556}") = "ArvoresBasicas", "ArvoresBasicas.csproj", "{40794331-BF84-4EAB-9B8C-7A6F0E341FB9}"
EndProject
Global
	GlobalSection(SolutionConfigurationPlatforms) = preSolution
		Debug|Any CPU = Debug|Any CPU
		Release|Any CPU = Release|Any CPU
	EndGlobalSection
	GlobalSection(ProjectConfigurationPlatforms) = postSolution
		{40794331-BF84-4EAB-9B8C-7A6F0E341FB9}.Debug|Any CPU.ActiveCfg = Debug|Any CPU
		{40794331-BF84-4EAB-9B8C-7A6F0E341FB9}.Debug|Any CPU.Build.0 = Debug|Any CPU
		{40794331-BF84-4EAB-9B8C-7A6F0E341FB9}.Release|Any CPU.ActiveCfg = Release|Any CPU
		{40794331-BF84-4EAB-9B8C-7A6F0E341FB9}.Release|Any CPU.Build.0 = Release|Any CPU
	EndGlobalSection
	GlobalSection(SolutionProperties) = preSolution
		HideSolutionNode = FALSE
	EndGlobalSection
	GlobalSection(ExtensibilityGlobals) = postSolution
		SolutionGuid = {A960196F-0318-4164-A136-6965555B0C5B}
	EndGlobalSection
EndGlobal
